
Microsoft Visual Studio Solution File, Format Version 12.00
# Visual Studio Version 17
VisualStudioVersion = 17.4.33103.184
MinimumVisualStudioVersion = 10.0.40219.1
Project("{FAE04EC0-301F-11D3-BF4B-00C04F79EFBC}") = "Lumia", "Lumia\Lumia.csproj", "{7EE77F6C-78E8-46A4-B12C-701B0649D125}"
EndProject
Global
	GlobalSection(SolutionConfigurationPlatforms) = preSolution
		Debug|Any CPU = Debug|Any CPU
		Release|Any CPU = Release|Any CPU
	EndGlobalSection
	GlobalSection(ProjectConfigurationPlatforms) = postSolution
		{7EE77F6C-78E8-46A4-B12C-701B0649D125}.Debug|Any CPU.ActiveCfg = Debug|Any CPU
		{7EE77F6C-78E8-46A4-B12C-701B0649D125}.Debug|Any CPU.Build.0 = Debug|Any CPU
		{7EE77F6C-78E8-46A4-B12C-701B0649D125}.Release|Any CPU.ActiveCfg = Release|Any CPU
		{7EE77F6C-78E8-46A4-B12C-701B0649D125}.Release|Any CPU.Build.0 = Release|Any CPU
	EndGlobalSection
	GlobalSection(SolutionProperties) = preSolution
		HideSolutionNode = FALSE
	EndGlobalSection
	GlobalSection(ExtensibilityGlobals) = postSolution
		SolutionGuid = {49D53B28-CADE-43E0-8673-55446149CF87}
	EndGlobalSection
EndGlobal
